
Microsoft Visual Studio Solution File, Format Version 12.00
# Visual Studio Version 17
VisualStudioVersion = 17.8.34330.188
MinimumVisualStudioVersion = 10.0.40219.1
Project("{FAE04EC0-301F-11D3-BF4B-00C04F79EFBC}") = "TestTaker", "TestTaker\TestTaker.csproj", "{FD0BF884-39A9-4896-853C-D6721D7E07AD}"
EndProject
Global
	GlobalSection(SolutionConfigurationPlatforms) = preSolution
		Debug|Any CPU = Debug|Any CPU
		Release|Any CPU = Release|Any CPU
	EndGlobalSection
	GlobalSection(ProjectConfigurationPlatforms) = postSolution
		{FD0BF884-39A9-4896-853C-D6721D7E07AD}.Debug|Any CPU.ActiveCfg = Debug|Any CPU
		{FD0BF884-39A9-4896-853C-D6721D7E07AD}.Debug|Any CPU.Build.0 = Debug|Any CPU
		{FD0BF884-39A9-4896-853C-D6721D7E07AD}.Release|Any CPU.ActiveCfg = Release|Any CPU
		{FD0BF884-39A9-4896-853C-D6721D7E07AD}.Release|Any CPU.Build.0 = Release|Any CPU
	EndGlobalSection
	GlobalSection(SolutionProperties) = preSolution
		HideSolutionNode = FALSE
	EndGlobalSection
	GlobalSection(ExtensibilityGlobals) = postSolution
		SolutionGuid = {1A88DF05-6CD9-4EDB-9F3F-9CED5CA2FE68}
	EndGlobalSection
EndGlobal
